
Microsoft Visual Studio Solution File, Format Version 12.00
# Visual Studio Version 17
VisualStudioVersion = 17.11.35222.181
MinimumVisualStudioVersion = 10.0.40219.1
Project("{9A19103F-16F7-4668-BE54-9A1E7A4F7556}") = "Sem2_Software-Quality", "Sem2_Software-Quality\Sem2_Software-Quality.csproj", "{1E671AA2-B6B5-4A63-8BDC-06E3458F8DF9}"
EndProject
Project("{2150E333-8FDC-42A3-9474-1A3956D46DE8}") = "Solution Items", "Solution Items", "{DC38F2DA-D03B-4130-AD43-F158B97D4A15}"
	ProjectSection(SolutionItems) = preProject
		.gitignore = .gitignore
	EndProjectSection
EndProject
Project("{FAE04EC0-301F-11D3-BF4B-00C04F79EFBC}") = "Assignment_1", "Assignment_1\Assignment_1.csproj", "{8F3C3F98-109E-415C-9D15-2BCE60409D61}"
EndProject
Global
	GlobalSection(SolutionConfigurationPlatforms) = preSolution
		Debug|Any CPU = Debug|Any CPU
		Release|Any CPU = Release|Any CPU
	EndGlobalSection
	GlobalSection(ProjectConfigurationPlatforms) = postSolution
		{1E671AA2-B6B5-4A63-8BDC-06E3458F8DF9}.Debug|Any CPU.ActiveCfg = Debug|Any CPU
		{1E671AA2-B6B5-4A63-8BDC-06E3458F8DF9}.Debug|Any CPU.Build.0 = Debug|Any CPU
		{1E671AA2-B6B5-4A63-8BDC-06E3458F8DF9}.Release|Any CPU.ActiveCfg = Release|Any CPU
		{1E671AA2-B6B5-4A63-8BDC-06E3458F8DF9}.Release|Any CPU.Build.0 = Release|Any CPU
		{8F3C3F98-109E-415C-9D15-2BCE60409D61}.Debug|Any CPU.ActiveCfg = Debug|Any CPU
		{8F3C3F98-109E-415C-9D15-2BCE60409D61}.Debug|Any CPU.Build.0 = Debug|Any CPU
		{8F3C3F98-109E-415C-9D15-2BCE60409D61}.Release|Any CPU.ActiveCfg = Release|Any CPU
		{8F3C3F98-109E-415C-9D15-2BCE60409D61}.Release|Any CPU.Build.0 = Release|Any CPU
	EndGlobalSection
	GlobalSection(SolutionProperties) = preSolution
		HideSolutionNode = FALSE
	EndGlobalSection
	GlobalSection(ExtensibilityGlobals) = postSolution
		SolutionGuid = {8501D61F-E341-444E-B4CA-1B9E4CDE66BC}
	EndGlobalSection
EndGlobal
