
Microsoft Visual Studio Solution File, Format Version 12.00
# Visual Studio Version 17
VisualStudioVersion = 17.11.35222.181
MinimumVisualStudioVersion = 10.0.40219.1
Project("{FAE04EC0-301F-11D3-BF4B-00C04F79EFBC}") = "Sem2_Software-Quality", "Sem2_Software-Quality\Sem2_Software-Quality.csproj", "{1E671AA2-B6B5-4A63-8BDC-06E3458F8DF9}"
EndProject
Project("{2150E333-8FDC-42A3-9474-1A3956D46DE8}") = "Solution Items", "Solution Items", "{DC38F2DA-D03B-4130-AD43-F158B97D4A15}"
	ProjectSection(SolutionItems) = preProject
		.gitignore = .gitignore
	EndProjectSection
EndProject
Project("{FAE04EC0-301F-11D3-BF4B-00C04F79EFBC}") = "DataAccess", "DataAccess\DataAccess.csproj", "{3DBF15DD-FAB6-4E8B-8BEE-D30051077442}"
EndProject
Project("{FAE04EC0-301F-11D3-BF4B-00C04F79EFBC}") = "Assignment_1", "Assignment_1\Assignment_1.csproj", "{EF071D7A-BE97-4796-B998-6A03C4879014}"
EndProject
Project("{FAE04EC0-301F-11D3-BF4B-00C04F79EFBC}") = "Assignment_1_Tests", "Assignment_1_Tests\Assignment_1_Tests.csproj", "{AC5FEEEB-DD32-4A76-860C-B323CEC61639}"
EndProject
Global
	GlobalSection(SolutionConfigurationPlatforms) = preSolution
		Debug|Any CPU = Debug|Any CPU
		Release|Any CPU = Release|Any CPU
	EndGlobalSection
	GlobalSection(ProjectConfigurationPlatforms) = postSolution
		{1E671AA2-B6B5-4A63-8BDC-06E3458F8DF9}.Debug|Any CPU.ActiveCfg = Debug|Any CPU
		{1E671AA2-B6B5-4A63-8BDC-06E3458F8DF9}.Debug|Any CPU.Build.0 = Debug|Any CPU
		{1E671AA2-B6B5-4A63-8BDC-06E3458F8DF9}.Release|Any CPU.ActiveCfg = Release|Any CPU
		{1E671AA2-B6B5-4A63-8BDC-06E3458F8DF9}.Release|Any CPU.Build.0 = Release|Any CPU
		{3DBF15DD-FAB6-4E8B-8BEE-D30051077442}.Debug|Any CPU.ActiveCfg = Debug|Any CPU
		{3DBF15DD-FAB6-4E8B-8BEE-D30051077442}.Debug|Any CPU.Build.0 = Debug|Any CPU
		{3DBF15DD-FAB6-4E8B-8BEE-D30051077442}.Release|Any CPU.ActiveCfg = Release|Any CPU
		{3DBF15DD-FAB6-4E8B-8BEE-D30051077442}.Release|Any CPU.Build.0 = Release|Any CPU
		{EF071D7A-BE97-4796-B998-6A03C4879014}.Debug|Any CPU.ActiveCfg = Debug|Any CPU
		{EF071D7A-BE97-4796-B998-6A03C4879014}.Debug|Any CPU.Build.0 = Debug|Any CPU
		{EF071D7A-BE97-4796-B998-6A03C4879014}.Release|Any CPU.ActiveCfg = Release|Any CPU
		{EF071D7A-BE97-4796-B998-6A03C4879014}.Release|Any CPU.Build.0 = Release|Any CPU
		{AC5FEEEB-DD32-4A76-860C-B323CEC61639}.Debug|Any CPU.ActiveCfg = Debug|Any CPU
		{AC5FEEEB-DD32-4A76-860C-B323CEC61639}.Debug|Any CPU.Build.0 = Debug|Any CPU
		{AC5FEEEB-DD32-4A76-860C-B323CEC61639}.Release|Any CPU.ActiveCfg = Release|Any CPU
		{AC5FEEEB-DD32-4A76-860C-B323CEC61639}.Release|Any CPU.Build.0 = Release|Any CPU
	EndGlobalSection
	GlobalSection(SolutionProperties) = preSolution
		HideSolutionNode = FALSE
	EndGlobalSection
	GlobalSection(ExtensibilityGlobals) = postSolution
		SolutionGuid = {8501D61F-E341-444E-B4CA-1B9E4CDE66BC}
	EndGlobalSection
EndGlobal
